
Microsoft Visual Studio Solution File, Format Version 12.00
# Visual Studio Version 16
VisualStudioVersion = 16.0.29728.190
MinimumVisualStudioVersion = 10.0.40219.1
Project("{2150E333-8FDC-42A3-9474-1A3956D46DE8}") = "Lab1", "Lab1", "{EFFAEB37-97DB-484A-9907-B0863C23FBC1}"
EndProject
Project("{2150E333-8FDC-42A3-9474-1A3956D46DE8}") = "Lab2", "Lab2", "{4CFCC095-B30D-45CF-9C5C-FCE597D7E96F}"
EndProject
Project("{2150E333-8FDC-42A3-9474-1A3956D46DE8}") = "Lab3", "Lab3", "{AC174343-FF96-4C42-B850-5ADA59CEC9C5}"
EndProject
Project("{2150E333-8FDC-42A3-9474-1A3956D46DE8}") = "Lab4", "Lab4", "{55370C59-A052-42B9-9132-E6FA017700F9}"
EndProject
Project("{8BC9CEB8-8B4A-11D0-8D11-00A0C91BC942}") = "Lab4_7z", "Lab4_7z\Lab4_7z.vcxproj", "{20A98D09-9241-483E-948F-24DC73612A86}"
EndProject
Project("{8BC9CEB8-8B4A-11D0-8D11-00A0C91BC942}") = "Lab4_Threads", "Lab4_Threads\Lab4_Threads.vcxproj", "{FC43383D-D7F1-4BAA-84AE-21A30A252D21}"
EndProject
Project("{8BC9CEB8-8B4A-11D0-8D11-00A0C91BC942}") = "Lab1_types", "Lab1_Types\Lab1_Types.vcxproj", "{44B0C2BE-622A-448F-B741-D663FAD05229}"
EndProject
Project("{8BC9CEB8-8B4A-11D0-8D11-00A0C91BC942}") = "Lab2_codepage", "Lab2_Codepage\Lab2_Codepage.vcxproj", "{71AE1A58-E4F8-4043-ACC6-637DE47DE483}"
EndProject
Project("{8BC9CEB8-8B4A-11D0-8D11-00A0C91BC942}") = "Lab2_error", "Lab2_Error\Lab2_Error.vcxproj", "{540610DD-C4AB-408A-9A1E-A911BD57ADDB}"
EndProject
Project("{8BC9CEB8-8B4A-11D0-8D11-00A0C91BC942}") = "Lab3_Manager", "Lab3_Manager\Lab3_Manager.vcxproj", "{72B5962A-515C-4B9D-B2B3-85CC0A9D003A}"
EndProject
Project("{8BC9CEB8-8B4A-11D0-8D11-00A0C91BC942}") = "Lab3_Notes", "Lab3_Notes\Lab3_Notes.vcxproj", "{D45A0CA5-C8F2-4507-B258-6A26FAB77009}"
EndProject
Global
	GlobalSection(SolutionConfigurationPlatforms) = preSolution
		Debug|x64 = Debug|x64
		Debug|x86 = Debug|x86
		Release|x64 = Release|x64
		Release|x86 = Release|x86
	EndGlobalSection
	GlobalSection(ProjectConfigurationPlatforms) = postSolution
		{20A98D09-9241-483E-948F-24DC73612A86}.Debug|x64.ActiveCfg = Debug|x64
		{20A98D09-9241-483E-948F-24DC73612A86}.Debug|x64.Build.0 = Debug|x64
		{20A98D09-9241-483E-948F-24DC73612A86}.Debug|x86.ActiveCfg = Debug|Win32
		{20A98D09-9241-483E-948F-24DC73612A86}.Debug|x86.Build.0 = Debug|Win32
		{20A98D09-9241-483E-948F-24DC73612A86}.Release|x64.ActiveCfg = Release|x64
		{20A98D09-9241-483E-948F-24DC73612A86}.Release|x64.Build.0 = Release|x64
		{20A98D09-9241-483E-948F-24DC73612A86}.Release|x86.ActiveCfg = Release|Win32
		{20A98D09-9241-483E-948F-24DC73612A86}.Release|x86.Build.0 = Release|Win32
		{FC43383D-D7F1-4BAA-84AE-21A30A252D21}.Debug|x64.ActiveCfg = Debug|x64
		{FC43383D-D7F1-4BAA-84AE-21A30A252D21}.Debug|x64.Build.0 = Debug|x64
		{FC43383D-D7F1-4BAA-84AE-21A30A252D21}.Debug|x86.ActiveCfg = Debug|Win32
		{FC43383D-D7F1-4BAA-84AE-21A30A252D21}.Debug|x86.Build.0 = Debug|Win32
		{FC43383D-D7F1-4BAA-84AE-21A30A252D21}.Release|x64.ActiveCfg = Release|x64
		{FC43383D-D7F1-4BAA-84AE-21A30A252D21}.Release|x64.Build.0 = Release|x64
		{FC43383D-D7F1-4BAA-84AE-21A30A252D21}.Release|x86.ActiveCfg = Release|Win32
		{FC43383D-D7F1-4BAA-84AE-21A30A252D21}.Release|x86.Build.0 = Release|Win32
		{44B0C2BE-622A-448F-B741-D663FAD05229}.Debug|x64.ActiveCfg = Debug|x64
		{44B0C2BE-622A-448F-B741-D663FAD05229}.Debug|x64.Build.0 = Debug|x64
		{44B0C2BE-622A-448F-B741-D663FAD05229}.Debug|x86.ActiveCfg = Debug|Win32
		{44B0C2BE-622A-448F-B741-D663FAD05229}.Debug|x86.Build.0 = Debug|Win32
		{44B0C2BE-622A-448F-B741-D663FAD05229}.Release|x64.ActiveCfg = Release|x64
		{44B0C2BE-622A-448F-B741-D663FAD05229}.Release|x64.Build.0 = Release|x64
		{44B0C2BE-622A-448F-B741-D663FAD05229}.Release|x86.ActiveCfg = Release|Win32
		{44B0C2BE-622A-448F-B741-D663FAD05229}.Release|x86.Build.0 = Release|Win32
		{71AE1A58-E4F8-4043-ACC6-637DE47DE483}.Debug|x64.ActiveCfg = Debug|x64
		{71AE1A58-E4F8-4043-ACC6-637DE47DE483}.Debug|x64.Build.0 = Debug|x64
		{71AE1A58-E4F8-4043-ACC6-637DE47DE483}.Debug|x86.ActiveCfg = Debug|Win32
		{71AE1A58-E4F8-4043-ACC6-637DE47DE483}.Debug|x86.Build.0 = Debug|Win32
		{71AE1A58-E4F8-4043-ACC6-637DE47DE483}.Release|x64.ActiveCfg = Release|x64
		{71AE1A58-E4F8-4043-ACC6-637DE47DE483}.Release|x64.Build.0 = Release|x64
		{71AE1A58-E4F8-4043-ACC6-637DE47DE483}.Release|x86.ActiveCfg = Release|Win32
		{71AE1A58-E4F8-4043-ACC6-637DE47DE483}.Release|x86.Build.0 = Release|Win32
		{540610DD-C4AB-408A-9A1E-A911BD57ADDB}.Debug|x64.ActiveCfg = Debug|x64
		{540610DD-C4AB-408A-9A1E-A911BD57ADDB}.Debug|x64.Build.0 = Debug|x64
		{540610DD-C4AB-408A-9A1E-A911BD57ADDB}.Debug|x86.ActiveCfg = Debug|Win32
		{540610DD-C4AB-408A-9A1E-A911BD57ADDB}.Debug|x86.Build.0 = Debug|Win32
		{540610DD-C4AB-408A-9A1E-A911BD57ADDB}.Release|x64.ActiveCfg = Release|x64
		{540610DD-C4AB-408A-9A1E-A911BD57ADDB}.Release|x64.Build.0 = Release|x64
		{540610DD-C4AB-408A-9A1E-A911BD57ADDB}.Release|x86.ActiveCfg = Release|Win32
		{540610DD-C4AB-408A-9A1E-A911BD57ADDB}.Release|x86.Build.0 = Release|Win32
		{72B5962A-515C-4B9D-B2B3-85CC0A9D003A}.Debug|x64.ActiveCfg = Debug|x64
		{72B5962A-515C-4B9D-B2B3-85CC0A9D003A}.Debug|x64.Build.0 = Debug|x64
		{72B5962A-515C-4B9D-B2B3-85CC0A9D003A}.Debug|x86.ActiveCfg = Debug|Win32
		{72B5962A-515C-4B9D-B2B3-85CC0A9D003A}.Debug|x86.Build.0 = Debug|Win32
		{72B5962A-515C-4B9D-B2B3-85CC0A9D003A}.Release|x64.ActiveCfg = Release|x64
		{72B5962A-515C-4B9D-B2B3-85CC0A9D003A}.Release|x64.Build.0 = Release|x64
		{72B5962A-515C-4B9D-B2B3-85CC0A9D003A}.Release|x86.ActiveCfg = Release|Win32
		{72B5962A-515C-4B9D-B2B3-85CC0A9D003A}.Release|x86.Build.0 = Release|Win32
		{D45A0CA5-C8F2-4507-B258-6A26FAB77009}.Debug|x64.ActiveCfg = Debug|x64
		{D45A0CA5-C8F2-4507-B258-6A26FAB77009}.Debug|x64.Build.0 = Debug|x64
		{D45A0CA5-C8F2-4507-B258-6A26FAB77009}.Debug|x86.ActiveCfg = Debug|Win32
		{D45A0CA5-C8F2-4507-B258-6A26FAB77009}.Debug|x86.Build.0 = Debug|Win32
		{D45A0CA5-C8F2-4507-B258-6A26FAB77009}.Release|x64.ActiveCfg = Release|x64
		{D45A0CA5-C8F2-4507-B258-6A26FAB77009}.Release|x64.Build.0 = Release|x64
		{D45A0CA5-C8F2-4507-B258-6A26FAB77009}.Release|x86.ActiveCfg = Release|Win32
		{D45A0CA5-C8F2-4507-B258-6A26FAB77009}.Release|x86.Build.0 = Release|Win32
	EndGlobalSection
	GlobalSection(SolutionProperties) = preSolution
		HideSolutionNode = FALSE
	EndGlobalSection
	GlobalSection(NestedProjects) = preSolution
		{20A98D09-9241-483E-948F-24DC73612A86} = {55370C59-A052-42B9-9132-E6FA017700F9}
		{FC43383D-D7F1-4BAA-84AE-21A30A252D21} = {55370C59-A052-42B9-9132-E6FA017700F9}
		{44B0C2BE-622A-448F-B741-D663FAD05229} = {EFFAEB37-97DB-484A-9907-B0863C23FBC1}
		{71AE1A58-E4F8-4043-ACC6-637DE47DE483} = {4CFCC095-B30D-45CF-9C5C-FCE597D7E96F}
		{540610DD-C4AB-408A-9A1E-A911BD57ADDB} = {4CFCC095-B30D-45CF-9C5C-FCE597D7E96F}
		{72B5962A-515C-4B9D-B2B3-85CC0A9D003A} = {AC174343-FF96-4C42-B850-5ADA59CEC9C5}
		{D45A0CA5-C8F2-4507-B258-6A26FAB77009} = {AC174343-FF96-4C42-B850-5ADA59CEC9C5}
	EndGlobalSection
	GlobalSection(ExtensibilityGlobals) = postSolution
		SolutionGuid = {E749D2D0-18CF-406B-BAAE-ACE0B37E5393}
	EndGlobalSection
EndGlobal
