
Microsoft Visual Studio Solution File, Format Version 12.00
# Visual Studio Version 16
VisualStudioVersion = 16.0.29728.190
MinimumVisualStudioVersion = 10.0.40219.1
Project("{2150E333-8FDC-42A3-9474-1A3956D46DE8}") = "Lab1", "Lab1", "{EFFAEB37-97DB-484A-9907-B0863C23FBC1}"
EndProject
Project("{2150E333-8FDC-42A3-9474-1A3956D46DE8}") = "Lab2", "Lab2", "{4CFCC095-B30D-45CF-9C5C-FCE597D7E96F}"
EndProject
Project("{2150E333-8FDC-42A3-9474-1A3956D46DE8}") = "Lab3", "Lab3", "{AC174343-FF96-4C42-B850-5ADA59CEC9C5}"
EndProject
Project("{2150E333-8FDC-42A3-9474-1A3956D46DE8}") = "Lab4", "Lab4", "{55370C59-A052-42B9-9132-E6FA017700F9}"
EndProject
Project("{8BC9CEB8-8B4A-11D0-8D11-00A0C91BC942}") = "Lab4_7z", "Lab4_7z\Lab4_7z.vcxproj", "{20A98D09-9241-483E-948F-24DC73612A86}"
EndProject
Project("{8BC9CEB8-8B4A-11D0-8D11-00A0C91BC942}") = "Lab4_Threads", "Lab4_Threads\Lab4_Threads.vcxproj", "{FC43383D-D7F1-4BAA-84AE-21A30A252D21}"
EndProject
Project("{8BC9CEB8-8B4A-11D0-8D11-00A0C91BC942}") = "Lab1_types", "Lab1_Types\Lab1_Types.vcxproj", "{44B0C2BE-622A-448F-B741-D663FAD05229}"
EndProject
Project("{8BC9CEB8-8B4A-11D0-8D11-00A0C91BC942}") = "Lab2_codepage", "Lab2_Codepage\Lab2_Codepage.vcxproj", "{71AE1A58-E4F8-4043-ACC6-637DE47DE483}"
EndProject
Project("{8BC9CEB8-8B4A-11D0-8D11-00A0C91BC942}") = "Lab2_error", "Lab2_Error\Lab2_Error.vcxproj", "{540610DD-C4AB-408A-9A1E-A911BD57ADDB}"
EndProject
Project("{8BC9CEB8-8B4A-11D0-8D11-00A0C91BC942}") = "Lab3_Manager", "Lab3_Manager\Lab3_Manager.vcxproj", "{72B5962A-515C-4B9D-B2B3-85CC0A9D003A}"
EndProject
Project("{8BC9CEB8-8B4A-11D0-8D11-00A0C91BC942}") = "Lab3_Notes", "Lab3_Notes\Lab3_Notes.vcxproj", "{D45A0CA5-C8F2-4507-B258-6A26FAB77009}"
EndProject
Project("{2150E333-8FDC-42A3-9474-1A3956D46DE8}") = "Lab5", "Lab5", "{A8F855C1-69CA-4213-BE8E-C7E2DC4B21EC}"
EndProject
Project("{8BC9CEB8-8B4A-11D0-8D11-00A0C91BC942}") = "Lab5_Mutex", "Lab5_Mutex\Lab5_Mutex.vcxproj", "{D3053643-7B20-45F4-B94B-001FFB420754}"
EndProject
Project("{8BC9CEB8-8B4A-11D0-8D11-00A0C91BC942}") = "Lab5_Semaphore", "Lab5_Semaphore\Lab5_Semaphore.vcxproj", "{16657A1E-ECC2-483A-AFBC-2596DC5351E3}"
EndProject
Project("{8BC9CEB8-8B4A-11D0-8D11-00A0C91BC942}") = "Lab5_CriticalSection", "Lab5_CriticalSection\Lab5_CriticalSection.vcxproj", "{122B92B8-DD34-47DC-8021-C2A907B9FA20}"
EndProject
Project("{2150E333-8FDC-42A3-9474-1A3956D46DE8}") = "Lab6", "Lab6", "{5D6B40F8-FC26-4B9D-AB9A-26E98FC9E86A}"
EndProject
Project("{FAE04EC0-301F-11D3-BF4B-00C04F79EFBC}") = "Lab6_UWP", "Lab6_UWP\Lab6_UWP.csproj", "{972224B2-37AA-40A4-8CE6-38684466FC65}"
EndProject
Project("{2150E333-8FDC-42A3-9474-1A3956D46DE8}") = "Lab7", "Lab7", "{2D4814F8-0F3A-4521-8738-50F2D31694D4}"
EndProject
Project("{FAE04EC0-301F-11D3-BF4B-00C04F79EFBC}") = "Lab7_UWP_FileManager", "Lab7_UWP_FileManager\Lab7_UWP_FileManager.csproj", "{B59A9C65-AD9A-4B82-AF89-ABA431640D24}"
EndProject
Global
	GlobalSection(SolutionConfigurationPlatforms) = preSolution
		Debug|ARM = Debug|ARM
		Debug|ARM64 = Debug|ARM64
		Debug|x64 = Debug|x64
		Debug|x86 = Debug|x86
		Release|ARM = Release|ARM
		Release|ARM64 = Release|ARM64
		Release|x64 = Release|x64
		Release|x86 = Release|x86
	EndGlobalSection
	GlobalSection(ProjectConfigurationPlatforms) = postSolution
		{20A98D09-9241-483E-948F-24DC73612A86}.Debug|ARM.ActiveCfg = Debug|Win32
		{20A98D09-9241-483E-948F-24DC73612A86}.Debug|ARM64.ActiveCfg = Debug|Win32
		{20A98D09-9241-483E-948F-24DC73612A86}.Debug|x64.ActiveCfg = Debug|x64
		{20A98D09-9241-483E-948F-24DC73612A86}.Debug|x64.Build.0 = Debug|x64
		{20A98D09-9241-483E-948F-24DC73612A86}.Debug|x86.ActiveCfg = Debug|Win32
		{20A98D09-9241-483E-948F-24DC73612A86}.Debug|x86.Build.0 = Debug|Win32
		{20A98D09-9241-483E-948F-24DC73612A86}.Release|ARM.ActiveCfg = Release|Win32
		{20A98D09-9241-483E-948F-24DC73612A86}.Release|ARM64.ActiveCfg = Release|Win32
		{20A98D09-9241-483E-948F-24DC73612A86}.Release|x64.ActiveCfg = Release|x64
		{20A98D09-9241-483E-948F-24DC73612A86}.Release|x64.Build.0 = Release|x64
		{20A98D09-9241-483E-948F-24DC73612A86}.Release|x86.ActiveCfg = Release|Win32
		{20A98D09-9241-483E-948F-24DC73612A86}.Release|x86.Build.0 = Release|Win32
		{FC43383D-D7F1-4BAA-84AE-21A30A252D21}.Debug|ARM.ActiveCfg = Debug|Win32
		{FC43383D-D7F1-4BAA-84AE-21A30A252D21}.Debug|ARM64.ActiveCfg = Debug|Win32
		{FC43383D-D7F1-4BAA-84AE-21A30A252D21}.Debug|x64.ActiveCfg = Debug|x64
		{FC43383D-D7F1-4BAA-84AE-21A30A252D21}.Debug|x64.Build.0 = Debug|x64
		{FC43383D-D7F1-4BAA-84AE-21A30A252D21}.Debug|x86.ActiveCfg = Debug|Win32
		{FC43383D-D7F1-4BAA-84AE-21A30A252D21}.Debug|x86.Build.0 = Debug|Win32
		{FC43383D-D7F1-4BAA-84AE-21A30A252D21}.Release|ARM.ActiveCfg = Release|Win32
		{FC43383D-D7F1-4BAA-84AE-21A30A252D21}.Release|ARM64.ActiveCfg = Release|Win32
		{FC43383D-D7F1-4BAA-84AE-21A30A252D21}.Release|x64.ActiveCfg = Release|x64
		{FC43383D-D7F1-4BAA-84AE-21A30A252D21}.Release|x64.Build.0 = Release|x64
		{FC43383D-D7F1-4BAA-84AE-21A30A252D21}.Release|x86.ActiveCfg = Release|Win32
		{FC43383D-D7F1-4BAA-84AE-21A30A252D21}.Release|x86.Build.0 = Release|Win32
		{44B0C2BE-622A-448F-B741-D663FAD05229}.Debug|ARM.ActiveCfg = Debug|Win32
		{44B0C2BE-622A-448F-B741-D663FAD05229}.Debug|ARM64.ActiveCfg = Debug|Win32
		{44B0C2BE-622A-448F-B741-D663FAD05229}.Debug|x64.ActiveCfg = Debug|x64
		{44B0C2BE-622A-448F-B741-D663FAD05229}.Debug|x64.Build.0 = Debug|x64
		{44B0C2BE-622A-448F-B741-D663FAD05229}.Debug|x86.ActiveCfg = Debug|Win32
		{44B0C2BE-622A-448F-B741-D663FAD05229}.Debug|x86.Build.0 = Debug|Win32
		{44B0C2BE-622A-448F-B741-D663FAD05229}.Release|ARM.ActiveCfg = Release|Win32
		{44B0C2BE-622A-448F-B741-D663FAD05229}.Release|ARM64.ActiveCfg = Release|Win32
		{44B0C2BE-622A-448F-B741-D663FAD05229}.Release|x64.ActiveCfg = Release|x64
		{44B0C2BE-622A-448F-B741-D663FAD05229}.Release|x64.Build.0 = Release|x64
		{44B0C2BE-622A-448F-B741-D663FAD05229}.Release|x86.ActiveCfg = Release|Win32
		{44B0C2BE-622A-448F-B741-D663FAD05229}.Release|x86.Build.0 = Release|Win32
		{71AE1A58-E4F8-4043-ACC6-637DE47DE483}.Debug|ARM.ActiveCfg = Debug|Win32
		{71AE1A58-E4F8-4043-ACC6-637DE47DE483}.Debug|ARM64.ActiveCfg = Debug|Win32
		{71AE1A58-E4F8-4043-ACC6-637DE47DE483}.Debug|x64.ActiveCfg = Debug|x64
		{71AE1A58-E4F8-4043-ACC6-637DE47DE483}.Debug|x64.Build.0 = Debug|x64
		{71AE1A58-E4F8-4043-ACC6-637DE47DE483}.Debug|x86.ActiveCfg = Debug|Win32
		{71AE1A58-E4F8-4043-ACC6-637DE47DE483}.Debug|x86.Build.0 = Debug|Win32
		{71AE1A58-E4F8-4043-ACC6-637DE47DE483}.Release|ARM.ActiveCfg = Release|Win32
		{71AE1A58-E4F8-4043-ACC6-637DE47DE483}.Release|ARM64.ActiveCfg = Release|Win32
		{71AE1A58-E4F8-4043-ACC6-637DE47DE483}.Release|x64.ActiveCfg = Release|x64
		{71AE1A58-E4F8-4043-ACC6-637DE47DE483}.Release|x64.Build.0 = Release|x64
		{71AE1A58-E4F8-4043-ACC6-637DE47DE483}.Release|x86.ActiveCfg = Release|Win32
		{71AE1A58-E4F8-4043-ACC6-637DE47DE483}.Release|x86.Build.0 = Release|Win32
		{540610DD-C4AB-408A-9A1E-A911BD57ADDB}.Debug|ARM.ActiveCfg = Debug|Win32
		{540610DD-C4AB-408A-9A1E-A911BD57ADDB}.Debug|ARM64.ActiveCfg = Debug|Win32
		{540610DD-C4AB-408A-9A1E-A911BD57ADDB}.Debug|x64.ActiveCfg = Debug|x64
		{540610DD-C4AB-408A-9A1E-A911BD57ADDB}.Debug|x64.Build.0 = Debug|x64
		{540610DD-C4AB-408A-9A1E-A911BD57ADDB}.Debug|x86.ActiveCfg = Debug|Win32
		{540610DD-C4AB-408A-9A1E-A911BD57ADDB}.Debug|x86.Build.0 = Debug|Win32
		{540610DD-C4AB-408A-9A1E-A911BD57ADDB}.Release|ARM.ActiveCfg = Release|Win32
		{540610DD-C4AB-408A-9A1E-A911BD57ADDB}.Release|ARM64.ActiveCfg = Release|Win32
		{540610DD-C4AB-408A-9A1E-A911BD57ADDB}.Release|x64.ActiveCfg = Release|x64
		{540610DD-C4AB-408A-9A1E-A911BD57ADDB}.Release|x64.Build.0 = Release|x64
		{540610DD-C4AB-408A-9A1E-A911BD57ADDB}.Release|x86.ActiveCfg = Release|Win32
		{540610DD-C4AB-408A-9A1E-A911BD57ADDB}.Release|x86.Build.0 = Release|Win32
		{72B5962A-515C-4B9D-B2B3-85CC0A9D003A}.Debug|ARM.ActiveCfg = Debug|Win32
		{72B5962A-515C-4B9D-B2B3-85CC0A9D003A}.Debug|ARM64.ActiveCfg = Debug|Win32
		{72B5962A-515C-4B9D-B2B3-85CC0A9D003A}.Debug|x64.ActiveCfg = Debug|x64
		{72B5962A-515C-4B9D-B2B3-85CC0A9D003A}.Debug|x64.Build.0 = Debug|x64
		{72B5962A-515C-4B9D-B2B3-85CC0A9D003A}.Debug|x86.ActiveCfg = Debug|Win32
		{72B5962A-515C-4B9D-B2B3-85CC0A9D003A}.Debug|x86.Build.0 = Debug|Win32
		{72B5962A-515C-4B9D-B2B3-85CC0A9D003A}.Release|ARM.ActiveCfg = Release|Win32
		{72B5962A-515C-4B9D-B2B3-85CC0A9D003A}.Release|ARM64.ActiveCfg = Release|Win32
		{72B5962A-515C-4B9D-B2B3-85CC0A9D003A}.Release|x64.ActiveCfg = Release|x64
		{72B5962A-515C-4B9D-B2B3-85CC0A9D003A}.Release|x64.Build.0 = Release|x64
		{72B5962A-515C-4B9D-B2B3-85CC0A9D003A}.Release|x86.ActiveCfg = Release|Win32
		{72B5962A-515C-4B9D-B2B3-85CC0A9D003A}.Release|x86.Build.0 = Release|Win32
		{D45A0CA5-C8F2-4507-B258-6A26FAB77009}.Debug|ARM.ActiveCfg = Debug|Win32
		{D45A0CA5-C8F2-4507-B258-6A26FAB77009}.Debug|ARM64.ActiveCfg = Debug|Win32
		{D45A0CA5-C8F2-4507-B258-6A26FAB77009}.Debug|x64.ActiveCfg = Debug|x64
		{D45A0CA5-C8F2-4507-B258-6A26FAB77009}.Debug|x64.Build.0 = Debug|x64
		{D45A0CA5-C8F2-4507-B258-6A26FAB77009}.Debug|x86.ActiveCfg = Debug|Win32
		{D45A0CA5-C8F2-4507-B258-6A26FAB77009}.Debug|x86.Build.0 = Debug|Win32
		{D45A0CA5-C8F2-4507-B258-6A26FAB77009}.Release|ARM.ActiveCfg = Release|Win32
		{D45A0CA5-C8F2-4507-B258-6A26FAB77009}.Release|ARM64.ActiveCfg = Release|Win32
		{D45A0CA5-C8F2-4507-B258-6A26FAB77009}.Release|x64.ActiveCfg = Release|x64
		{D45A0CA5-C8F2-4507-B258-6A26FAB77009}.Release|x64.Build.0 = Release|x64
		{D45A0CA5-C8F2-4507-B258-6A26FAB77009}.Release|x86.ActiveCfg = Release|Win32
		{D45A0CA5-C8F2-4507-B258-6A26FAB77009}.Release|x86.Build.0 = Release|Win32
		{D3053643-7B20-45F4-B94B-001FFB420754}.Debug|ARM.ActiveCfg = Debug|Win32
		{D3053643-7B20-45F4-B94B-001FFB420754}.Debug|ARM64.ActiveCfg = Debug|Win32
		{D3053643-7B20-45F4-B94B-001FFB420754}.Debug|x64.ActiveCfg = Debug|x64
		{D3053643-7B20-45F4-B94B-001FFB420754}.Debug|x64.Build.0 = Debug|x64
		{D3053643-7B20-45F4-B94B-001FFB420754}.Debug|x86.ActiveCfg = Debug|Win32
		{D3053643-7B20-45F4-B94B-001FFB420754}.Debug|x86.Build.0 = Debug|Win32
		{D3053643-7B20-45F4-B94B-001FFB420754}.Release|ARM.ActiveCfg = Release|Win32
		{D3053643-7B20-45F4-B94B-001FFB420754}.Release|ARM64.ActiveCfg = Release|Win32
		{D3053643-7B20-45F4-B94B-001FFB420754}.Release|x64.ActiveCfg = Release|x64
		{D3053643-7B20-45F4-B94B-001FFB420754}.Release|x64.Build.0 = Release|x64
		{D3053643-7B20-45F4-B94B-001FFB420754}.Release|x86.ActiveCfg = Release|Win32
		{D3053643-7B20-45F4-B94B-001FFB420754}.Release|x86.Build.0 = Release|Win32
		{16657A1E-ECC2-483A-AFBC-2596DC5351E3}.Debug|ARM.ActiveCfg = Debug|Win32
		{16657A1E-ECC2-483A-AFBC-2596DC5351E3}.Debug|ARM64.ActiveCfg = Debug|Win32
		{16657A1E-ECC2-483A-AFBC-2596DC5351E3}.Debug|x64.ActiveCfg = Debug|x64
		{16657A1E-ECC2-483A-AFBC-2596DC5351E3}.Debug|x64.Build.0 = Debug|x64
		{16657A1E-ECC2-483A-AFBC-2596DC5351E3}.Debug|x86.ActiveCfg = Debug|Win32
		{16657A1E-ECC2-483A-AFBC-2596DC5351E3}.Debug|x86.Build.0 = Debug|Win32
		{16657A1E-ECC2-483A-AFBC-2596DC5351E3}.Release|ARM.ActiveCfg = Release|Win32
		{16657A1E-ECC2-483A-AFBC-2596DC5351E3}.Release|ARM64.ActiveCfg = Release|Win32
		{16657A1E-ECC2-483A-AFBC-2596DC5351E3}.Release|x64.ActiveCfg = Release|x64
		{16657A1E-ECC2-483A-AFBC-2596DC5351E3}.Release|x64.Build.0 = Release|x64
		{16657A1E-ECC2-483A-AFBC-2596DC5351E3}.Release|x86.ActiveCfg = Release|Win32
		{16657A1E-ECC2-483A-AFBC-2596DC5351E3}.Release|x86.Build.0 = Release|Win32
		{122B92B8-DD34-47DC-8021-C2A907B9FA20}.Debug|ARM.ActiveCfg = Debug|Win32
		{122B92B8-DD34-47DC-8021-C2A907B9FA20}.Debug|ARM64.ActiveCfg = Debug|Win32
		{122B92B8-DD34-47DC-8021-C2A907B9FA20}.Debug|x64.ActiveCfg = Debug|x64
		{122B92B8-DD34-47DC-8021-C2A907B9FA20}.Debug|x64.Build.0 = Debug|x64
		{122B92B8-DD34-47DC-8021-C2A907B9FA20}.Debug|x86.ActiveCfg = Debug|Win32
		{122B92B8-DD34-47DC-8021-C2A907B9FA20}.Debug|x86.Build.0 = Debug|Win32
		{122B92B8-DD34-47DC-8021-C2A907B9FA20}.Release|ARM.ActiveCfg = Release|Win32
		{122B92B8-DD34-47DC-8021-C2A907B9FA20}.Release|ARM64.ActiveCfg = Release|Win32
		{122B92B8-DD34-47DC-8021-C2A907B9FA20}.Release|x64.ActiveCfg = Release|x64
		{122B92B8-DD34-47DC-8021-C2A907B9FA20}.Release|x64.Build.0 = Release|x64
		{122B92B8-DD34-47DC-8021-C2A907B9FA20}.Release|x86.ActiveCfg = Release|Win32
		{122B92B8-DD34-47DC-8021-C2A907B9FA20}.Release|x86.Build.0 = Release|Win32
		{972224B2-37AA-40A4-8CE6-38684466FC65}.Debug|ARM.ActiveCfg = Debug|ARM
		{972224B2-37AA-40A4-8CE6-38684466FC65}.Debug|ARM.Build.0 = Debug|ARM
		{972224B2-37AA-40A4-8CE6-38684466FC65}.Debug|ARM.Deploy.0 = Debug|ARM
		{972224B2-37AA-40A4-8CE6-38684466FC65}.Debug|ARM64.ActiveCfg = Debug|ARM64
		{972224B2-37AA-40A4-8CE6-38684466FC65}.Debug|ARM64.Build.0 = Debug|ARM64
		{972224B2-37AA-40A4-8CE6-38684466FC65}.Debug|ARM64.Deploy.0 = Debug|ARM64
		{972224B2-37AA-40A4-8CE6-38684466FC65}.Debug|x64.ActiveCfg = Debug|x64
		{972224B2-37AA-40A4-8CE6-38684466FC65}.Debug|x64.Build.0 = Debug|x64
		{972224B2-37AA-40A4-8CE6-38684466FC65}.Debug|x64.Deploy.0 = Debug|x64
		{972224B2-37AA-40A4-8CE6-38684466FC65}.Debug|x86.ActiveCfg = Debug|x86
		{972224B2-37AA-40A4-8CE6-38684466FC65}.Debug|x86.Build.0 = Debug|x86
		{972224B2-37AA-40A4-8CE6-38684466FC65}.Debug|x86.Deploy.0 = Debug|x86
		{972224B2-37AA-40A4-8CE6-38684466FC65}.Release|ARM.ActiveCfg = Release|ARM
		{972224B2-37AA-40A4-8CE6-38684466FC65}.Release|ARM.Build.0 = Release|ARM
		{972224B2-37AA-40A4-8CE6-38684466FC65}.Release|ARM.Deploy.0 = Release|ARM
		{972224B2-37AA-40A4-8CE6-38684466FC65}.Release|ARM64.ActiveCfg = Release|ARM64
		{972224B2-37AA-40A4-8CE6-38684466FC65}.Release|ARM64.Build.0 = Release|ARM64
		{972224B2-37AA-40A4-8CE6-38684466FC65}.Release|ARM64.Deploy.0 = Release|ARM64
		{972224B2-37AA-40A4-8CE6-38684466FC65}.Release|x64.ActiveCfg = Release|x64
		{972224B2-37AA-40A4-8CE6-38684466FC65}.Release|x64.Build.0 = Release|x64
		{972224B2-37AA-40A4-8CE6-38684466FC65}.Release|x64.Deploy.0 = Release|x64
		{972224B2-37AA-40A4-8CE6-38684466FC65}.Release|x86.ActiveCfg = Release|x86
		{972224B2-37AA-40A4-8CE6-38684466FC65}.Release|x86.Build.0 = Release|x86
		{972224B2-37AA-40A4-8CE6-38684466FC65}.Release|x86.Deploy.0 = Release|x86
		{B59A9C65-AD9A-4B82-AF89-ABA431640D24}.Debug|ARM.ActiveCfg = Debug|ARM
		{B59A9C65-AD9A-4B82-AF89-ABA431640D24}.Debug|ARM.Build.0 = Debug|ARM
		{B59A9C65-AD9A-4B82-AF89-ABA431640D24}.Debug|ARM.Deploy.0 = Debug|ARM
		{B59A9C65-AD9A-4B82-AF89-ABA431640D24}.Debug|ARM64.ActiveCfg = Debug|ARM64
		{B59A9C65-AD9A-4B82-AF89-ABA431640D24}.Debug|ARM64.Build.0 = Debug|ARM64
		{B59A9C65-AD9A-4B82-AF89-ABA431640D24}.Debug|ARM64.Deploy.0 = Debug|ARM64
		{B59A9C65-AD9A-4B82-AF89-ABA431640D24}.Debug|x64.ActiveCfg = Debug|x64
		{B59A9C65-AD9A-4B82-AF89-ABA431640D24}.Debug|x64.Build.0 = Debug|x64
		{B59A9C65-AD9A-4B82-AF89-ABA431640D24}.Debug|x64.Deploy.0 = Debug|x64
		{B59A9C65-AD9A-4B82-AF89-ABA431640D24}.Debug|x86.ActiveCfg = Debug|x86
		{B59A9C65-AD9A-4B82-AF89-ABA431640D24}.Debug|x86.Build.0 = Debug|x86
		{B59A9C65-AD9A-4B82-AF89-ABA431640D24}.Debug|x86.Deploy.0 = Debug|x86
		{B59A9C65-AD9A-4B82-AF89-ABA431640D24}.Release|ARM.ActiveCfg = Release|ARM
		{B59A9C65-AD9A-4B82-AF89-ABA431640D24}.Release|ARM.Build.0 = Release|ARM
		{B59A9C65-AD9A-4B82-AF89-ABA431640D24}.Release|ARM.Deploy.0 = Release|ARM
		{B59A9C65-AD9A-4B82-AF89-ABA431640D24}.Release|ARM64.ActiveCfg = Release|ARM64
		{B59A9C65-AD9A-4B82-AF89-ABA431640D24}.Release|ARM64.Build.0 = Release|ARM64
		{B59A9C65-AD9A-4B82-AF89-ABA431640D24}.Release|ARM64.Deploy.0 = Release|ARM64
		{B59A9C65-AD9A-4B82-AF89-ABA431640D24}.Release|x64.ActiveCfg = Release|x64
		{B59A9C65-AD9A-4B82-AF89-ABA431640D24}.Release|x64.Build.0 = Release|x64
		{B59A9C65-AD9A-4B82-AF89-ABA431640D24}.Release|x64.Deploy.0 = Release|x64
		{B59A9C65-AD9A-4B82-AF89-ABA431640D24}.Release|x86.ActiveCfg = Release|x86
		{B59A9C65-AD9A-4B82-AF89-ABA431640D24}.Release|x86.Build.0 = Release|x86
		{B59A9C65-AD9A-4B82-AF89-ABA431640D24}.Release|x86.Deploy.0 = Release|x86
	EndGlobalSection
	GlobalSection(SolutionProperties) = preSolution
		HideSolutionNode = FALSE
	EndGlobalSection
	GlobalSection(NestedProjects) = preSolution
		{20A98D09-9241-483E-948F-24DC73612A86} = {55370C59-A052-42B9-9132-E6FA017700F9}
		{FC43383D-D7F1-4BAA-84AE-21A30A252D21} = {55370C59-A052-42B9-9132-E6FA017700F9}
		{44B0C2BE-622A-448F-B741-D663FAD05229} = {EFFAEB37-97DB-484A-9907-B0863C23FBC1}
		{71AE1A58-E4F8-4043-ACC6-637DE47DE483} = {4CFCC095-B30D-45CF-9C5C-FCE597D7E96F}
		{540610DD-C4AB-408A-9A1E-A911BD57ADDB} = {4CFCC095-B30D-45CF-9C5C-FCE597D7E96F}
		{72B5962A-515C-4B9D-B2B3-85CC0A9D003A} = {AC174343-FF96-4C42-B850-5ADA59CEC9C5}
		{D45A0CA5-C8F2-4507-B258-6A26FAB77009} = {AC174343-FF96-4C42-B850-5ADA59CEC9C5}
		{D3053643-7B20-45F4-B94B-001FFB420754} = {A8F855C1-69CA-4213-BE8E-C7E2DC4B21EC}
		{16657A1E-ECC2-483A-AFBC-2596DC5351E3} = {A8F855C1-69CA-4213-BE8E-C7E2DC4B21EC}
		{122B92B8-DD34-47DC-8021-C2A907B9FA20} = {A8F855C1-69CA-4213-BE8E-C7E2DC4B21EC}
		{972224B2-37AA-40A4-8CE6-38684466FC65} = {5D6B40F8-FC26-4B9D-AB9A-26E98FC9E86A}
		{B59A9C65-AD9A-4B82-AF89-ABA431640D24} = {2D4814F8-0F3A-4521-8738-50F2D31694D4}
	EndGlobalSection
	GlobalSection(ExtensibilityGlobals) = postSolution
		SolutionGuid = {E749D2D0-18CF-406B-BAAE-ACE0B37E5393}
	EndGlobalSection
EndGlobal
